
Microsoft Visual Studio Solution File, Format Version 12.00
# Visual Studio Version 17
VisualStudioVersion = 17.9.34728.123
MinimumVisualStudioVersion = 10.0.40219.1
Project("{FAE04EC0-301F-11D3-BF4B-00C04F79EFBC}") = "Opgave 026", "Opgave 026.csproj", "{3DAC64E0-33F3-4E71-8DB2-4B89A7CD10EF}"
EndProject
Global
	GlobalSection(SolutionConfigurationPlatforms) = preSolution
		Debug|Any CPU = Debug|Any CPU
		Release|Any CPU = Release|Any CPU
	EndGlobalSection
	GlobalSection(ProjectConfigurationPlatforms) = postSolution
		{3DAC64E0-33F3-4E71-8DB2-4B89A7CD10EF}.Debug|Any CPU.ActiveCfg = Debug|Any CPU
		{3DAC64E0-33F3-4E71-8DB2-4B89A7CD10EF}.Debug|Any CPU.Build.0 = Debug|Any CPU
		{3DAC64E0-33F3-4E71-8DB2-4B89A7CD10EF}.Release|Any CPU.ActiveCfg = Release|Any CPU
		{3DAC64E0-33F3-4E71-8DB2-4B89A7CD10EF}.Release|Any CPU.Build.0 = Release|Any CPU
	EndGlobalSection
	GlobalSection(SolutionProperties) = preSolution
		HideSolutionNode = FALSE
	EndGlobalSection
	GlobalSection(ExtensibilityGlobals) = postSolution
		SolutionGuid = {785D980E-04B5-43D8-96B6-4DE654DD438A}
	EndGlobalSection
EndGlobal
